
Microsoft Visual Studio Solution File, Format Version 12.00
# Visual Studio Version 16
VisualStudioVersion = 16.0.29709.97
MinimumVisualStudioVersion = 10.0.40219.1
Project("{FAE04EC0-301F-11D3-BF4B-00C04F79EFBC}") = "Gallery.PL", "Gallery.PL\Gallery.PL.csproj", "{DAE9F430-BC24-4094-89E4-0AD5A226A282}"
EndProject
Project("{FAE04EC0-301F-11D3-BF4B-00C04F79EFBC}") = "Gallery.BLL", "Gallery.BLL\Gallery.BLL.csproj", "{98535698-B6A3-46C3-A2AB-30D76D61F545}"
EndProject
Project("{FAE04EC0-301F-11D3-BF4B-00C04F79EFBC}") = "Gallery.DAL", "Gallery.DAL\Gallery.DAL.csproj", "{1DD1D45A-2A03-4AFD-A79E-A7E5912855C6}"
EndProject
Project("{FAE04EC0-301F-11D3-BF4B-00C04F79EFBC}") = "FileStorageProvider", "FileStorageProvider\FileStorageProvider.csproj", "{028A3860-2064-403D-AFCD-BAE20425E41C}"
EndProject
Project("{FAE04EC0-301F-11D3-BF4B-00C04F79EFBC}") = "Gallery.Worker", "Gallery.Worker\Gallery.Worker.csproj", "{2E899857-CA6E-44F4-B98E-7AC479FD45B1}"
EndProject
Project("{FAE04EC0-301F-11D3-BF4B-00C04F79EFBC}") = "Gallery.MsgQueue.Service", "Gallery.MsgQueue\Gallery.MsgQueue.Service.csproj", "{AC1F0DC7-774D-48B8-9706-5A3441392D83}"
EndProject
Project("{FAE04EC0-301F-11D3-BF4B-00C04F79EFBC}") = "Gallery.MsgQueue.MSMQ", "Gallery.MsgQueue.MSMQ\Gallery.MsgQueue.MSMQ.csproj", "{3C375DAD-34C2-4924-9B58-AC56F3CEA07E}"
EndProject
Project("{FAE04EC0-301F-11D3-BF4B-00C04F79EFBC}") = "Gallery.MsgQueue.RabbitMQ", "Gallery.MsgQueue.RabbitMQ\Gallery.MsgQueue.RabbitMQ.csproj", "{2AABB145-15AC-4663-BD16-B69EA0792B25}"
EndProject
Project("{FAE04EC0-301F-11D3-BF4B-00C04F79EFBC}") = "Gallery.MsgQueue.Azure", "Gallery.MsgQueue.Azure\Gallery.MsgQueue.Azure.csproj", "{B7E1E84D-333E-43F9-A921-EE89D03CDAA3}"
EndProject
Global
	GlobalSection(SolutionConfigurationPlatforms) = preSolution
		Debug|Any CPU = Debug|Any CPU
		Release|Any CPU = Release|Any CPU
		Staging|Any CPU = Staging|Any CPU
		Testing|Any CPU = Testing|Any CPU
	EndGlobalSection
	GlobalSection(ProjectConfigurationPlatforms) = postSolution
		{DAE9F430-BC24-4094-89E4-0AD5A226A282}.Debug|Any CPU.ActiveCfg = Debug|Any CPU
		{DAE9F430-BC24-4094-89E4-0AD5A226A282}.Debug|Any CPU.Build.0 = Debug|Any CPU
		{DAE9F430-BC24-4094-89E4-0AD5A226A282}.Release|Any CPU.ActiveCfg = Release|Any CPU
		{DAE9F430-BC24-4094-89E4-0AD5A226A282}.Release|Any CPU.Build.0 = Release|Any CPU
		{DAE9F430-BC24-4094-89E4-0AD5A226A282}.Staging|Any CPU.ActiveCfg = Staging|Any CPU
		{DAE9F430-BC24-4094-89E4-0AD5A226A282}.Staging|Any CPU.Build.0 = Staging|Any CPU
		{DAE9F430-BC24-4094-89E4-0AD5A226A282}.Testing|Any CPU.ActiveCfg = Testing|Any CPU
		{DAE9F430-BC24-4094-89E4-0AD5A226A282}.Testing|Any CPU.Build.0 = Testing|Any CPU
		{98535698-B6A3-46C3-A2AB-30D76D61F545}.Debug|Any CPU.ActiveCfg = Debug|Any CPU
		{98535698-B6A3-46C3-A2AB-30D76D61F545}.Debug|Any CPU.Build.0 = Debug|Any CPU
		{98535698-B6A3-46C3-A2AB-30D76D61F545}.Release|Any CPU.ActiveCfg = Release|Any CPU
		{98535698-B6A3-46C3-A2AB-30D76D61F545}.Release|Any CPU.Build.0 = Release|Any CPU
		{98535698-B6A3-46C3-A2AB-30D76D61F545}.Staging|Any CPU.ActiveCfg = Staging|Any CPU
		{98535698-B6A3-46C3-A2AB-30D76D61F545}.Staging|Any CPU.Build.0 = Staging|Any CPU
		{98535698-B6A3-46C3-A2AB-30D76D61F545}.Testing|Any CPU.ActiveCfg = Testing|Any CPU
		{98535698-B6A3-46C3-A2AB-30D76D61F545}.Testing|Any CPU.Build.0 = Testing|Any CPU
		{1DD1D45A-2A03-4AFD-A79E-A7E5912855C6}.Debug|Any CPU.ActiveCfg = Debug|Any CPU
		{1DD1D45A-2A03-4AFD-A79E-A7E5912855C6}.Debug|Any CPU.Build.0 = Debug|Any CPU
		{1DD1D45A-2A03-4AFD-A79E-A7E5912855C6}.Release|Any CPU.ActiveCfg = Release|Any CPU
		{1DD1D45A-2A03-4AFD-A79E-A7E5912855C6}.Release|Any CPU.Build.0 = Release|Any CPU
		{1DD1D45A-2A03-4AFD-A79E-A7E5912855C6}.Staging|Any CPU.ActiveCfg = Staging|Any CPU
		{1DD1D45A-2A03-4AFD-A79E-A7E5912855C6}.Staging|Any CPU.Build.0 = Staging|Any CPU
		{1DD1D45A-2A03-4AFD-A79E-A7E5912855C6}.Testing|Any CPU.ActiveCfg = Testing|Any CPU
		{1DD1D45A-2A03-4AFD-A79E-A7E5912855C6}.Testing|Any CPU.Build.0 = Testing|Any CPU
		{028A3860-2064-403D-AFCD-BAE20425E41C}.Debug|Any CPU.ActiveCfg = Debug|Any CPU
		{028A3860-2064-403D-AFCD-BAE20425E41C}.Debug|Any CPU.Build.0 = Debug|Any CPU
		{028A3860-2064-403D-AFCD-BAE20425E41C}.Release|Any CPU.ActiveCfg = Release|Any CPU
		{028A3860-2064-403D-AFCD-BAE20425E41C}.Release|Any CPU.Build.0 = Release|Any CPU
		{028A3860-2064-403D-AFCD-BAE20425E41C}.Staging|Any CPU.ActiveCfg = Staging|Any CPU
		{028A3860-2064-403D-AFCD-BAE20425E41C}.Staging|Any CPU.Build.0 = Staging|Any CPU
		{028A3860-2064-403D-AFCD-BAE20425E41C}.Testing|Any CPU.ActiveCfg = Testing|Any CPU
		{028A3860-2064-403D-AFCD-BAE20425E41C}.Testing|Any CPU.Build.0 = Testing|Any CPU
		{2E899857-CA6E-44F4-B98E-7AC479FD45B1}.Debug|Any CPU.ActiveCfg = Debug|Any CPU
		{2E899857-CA6E-44F4-B98E-7AC479FD45B1}.Debug|Any CPU.Build.0 = Debug|Any CPU
		{2E899857-CA6E-44F4-B98E-7AC479FD45B1}.Release|Any CPU.ActiveCfg = Release|Any CPU
		{2E899857-CA6E-44F4-B98E-7AC479FD45B1}.Release|Any CPU.Build.0 = Release|Any CPU
		{2E899857-CA6E-44F4-B98E-7AC479FD45B1}.Staging|Any CPU.ActiveCfg = Staging|Any CPU
		{2E899857-CA6E-44F4-B98E-7AC479FD45B1}.Staging|Any CPU.Build.0 = Staging|Any CPU
		{2E899857-CA6E-44F4-B98E-7AC479FD45B1}.Testing|Any CPU.ActiveCfg = Testing|Any CPU
		{2E899857-CA6E-44F4-B98E-7AC479FD45B1}.Testing|Any CPU.Build.0 = Testing|Any CPU
		{AC1F0DC7-774D-48B8-9706-5A3441392D83}.Debug|Any CPU.ActiveCfg = Debug|Any CPU
		{AC1F0DC7-774D-48B8-9706-5A3441392D83}.Debug|Any CPU.Build.0 = Debug|Any CPU
		{AC1F0DC7-774D-48B8-9706-5A3441392D83}.Release|Any CPU.ActiveCfg = Release|Any CPU
		{AC1F0DC7-774D-48B8-9706-5A3441392D83}.Release|Any CPU.Build.0 = Release|Any CPU
		{AC1F0DC7-774D-48B8-9706-5A3441392D83}.Staging|Any CPU.ActiveCfg = Staging|Any CPU
		{AC1F0DC7-774D-48B8-9706-5A3441392D83}.Staging|Any CPU.Build.0 = Staging|Any CPU
		{AC1F0DC7-774D-48B8-9706-5A3441392D83}.Testing|Any CPU.ActiveCfg = Testing|Any CPU
		{AC1F0DC7-774D-48B8-9706-5A3441392D83}.Testing|Any CPU.Build.0 = Testing|Any CPU
		{3C375DAD-34C2-4924-9B58-AC56F3CEA07E}.Debug|Any CPU.ActiveCfg = Debug|Any CPU
		{3C375DAD-34C2-4924-9B58-AC56F3CEA07E}.Debug|Any CPU.Build.0 = Debug|Any CPU
		{3C375DAD-34C2-4924-9B58-AC56F3CEA07E}.Release|Any CPU.ActiveCfg = Release|Any CPU
		{3C375DAD-34C2-4924-9B58-AC56F3CEA07E}.Release|Any CPU.Build.0 = Release|Any CPU
		{3C375DAD-34C2-4924-9B58-AC56F3CEA07E}.Staging|Any CPU.ActiveCfg = Release|Any CPU
		{3C375DAD-34C2-4924-9B58-AC56F3CEA07E}.Staging|Any CPU.Build.0 = Release|Any CPU
		{3C375DAD-34C2-4924-9B58-AC56F3CEA07E}.Testing|Any CPU.ActiveCfg = Release|Any CPU
		{3C375DAD-34C2-4924-9B58-AC56F3CEA07E}.Testing|Any CPU.Build.0 = Release|Any CPU
		{2AABB145-15AC-4663-BD16-B69EA0792B25}.Debug|Any CPU.ActiveCfg = Debug|Any CPU
		{2AABB145-15AC-4663-BD16-B69EA0792B25}.Debug|Any CPU.Build.0 = Debug|Any CPU
		{2AABB145-15AC-4663-BD16-B69EA0792B25}.Release|Any CPU.ActiveCfg = Release|Any CPU
		{2AABB145-15AC-4663-BD16-B69EA0792B25}.Release|Any CPU.Build.0 = Release|Any CPU
		{2AABB145-15AC-4663-BD16-B69EA0792B25}.Staging|Any CPU.ActiveCfg = Release|Any CPU
		{2AABB145-15AC-4663-BD16-B69EA0792B25}.Staging|Any CPU.Build.0 = Release|Any CPU
		{2AABB145-15AC-4663-BD16-B69EA0792B25}.Testing|Any CPU.ActiveCfg = Release|Any CPU
		{2AABB145-15AC-4663-BD16-B69EA0792B25}.Testing|Any CPU.Build.0 = Release|Any CPU
		{B7E1E84D-333E-43F9-A921-EE89D03CDAA3}.Debug|Any CPU.ActiveCfg = Debug|Any CPU
		{B7E1E84D-333E-43F9-A921-EE89D03CDAA3}.Debug|Any CPU.Build.0 = Debug|Any CPU
		{B7E1E84D-333E-43F9-A921-EE89D03CDAA3}.Release|Any CPU.ActiveCfg = Release|Any CPU
		{B7E1E84D-333E-43F9-A921-EE89D03CDAA3}.Release|Any CPU.Build.0 = Release|Any CPU
		{B7E1E84D-333E-43F9-A921-EE89D03CDAA3}.Staging|Any CPU.ActiveCfg = Release|Any CPU
		{B7E1E84D-333E-43F9-A921-EE89D03CDAA3}.Staging|Any CPU.Build.0 = Release|Any CPU
		{B7E1E84D-333E-43F9-A921-EE89D03CDAA3}.Testing|Any CPU.ActiveCfg = Release|Any CPU
		{B7E1E84D-333E-43F9-A921-EE89D03CDAA3}.Testing|Any CPU.Build.0 = Release|Any CPU
	EndGlobalSection
	GlobalSection(SolutionProperties) = preSolution
		HideSolutionNode = FALSE
	EndGlobalSection
	GlobalSection(ExtensibilityGlobals) = postSolution
		SolutionGuid = {DD6E9A69-700A-41AF-B3D7-66F3456372CE}
	EndGlobalSection
EndGlobal
